
Microsoft Visual Studio Solution File, Format Version 12.00
# Visual Studio Version 16
VisualStudioVersion = 16.0.31702.278
MinimumVisualStudioVersion = 10.0.40219.1
Project("{9A19103F-16F7-4668-BE54-9A1E7A4F7556}") = "UniversityResidents", "UniversityResidents\UniversityResidents.csproj", "{97417EEC-5642-4792-AEB0-CF89C3763A56}"
EndProject
Project("{FAE04EC0-301F-11D3-BF4B-00C04F79EFBC}") = "UniversityResidentsCManager", "UniversityResidentsCManager\UniversityResidentsCManager.csproj", "{420155C8-EFC1-4F99-A5BB-8680F0849857}"
EndProject
Global
	GlobalSection(SolutionConfigurationPlatforms) = preSolution
		Debug|Any CPU = Debug|Any CPU
		Release|Any CPU = Release|Any CPU
	EndGlobalSection
	GlobalSection(ProjectConfigurationPlatforms) = postSolution
		{97417EEC-5642-4792-AEB0-CF89C3763A56}.Debug|Any CPU.ActiveCfg = Debug|Any CPU
		{97417EEC-5642-4792-AEB0-CF89C3763A56}.Debug|Any CPU.Build.0 = Debug|Any CPU
		{97417EEC-5642-4792-AEB0-CF89C3763A56}.Release|Any CPU.ActiveCfg = Release|Any CPU
		{97417EEC-5642-4792-AEB0-CF89C3763A56}.Release|Any CPU.Build.0 = Release|Any CPU
		{420155C8-EFC1-4F99-A5BB-8680F0849857}.Debug|Any CPU.ActiveCfg = Debug|Any CPU
		{420155C8-EFC1-4F99-A5BB-8680F0849857}.Debug|Any CPU.Build.0 = Debug|Any CPU
		{420155C8-EFC1-4F99-A5BB-8680F0849857}.Release|Any CPU.ActiveCfg = Release|Any CPU
		{420155C8-EFC1-4F99-A5BB-8680F0849857}.Release|Any CPU.Build.0 = Release|Any CPU
	EndGlobalSection
	GlobalSection(SolutionProperties) = preSolution
		HideSolutionNode = FALSE
	EndGlobalSection
	GlobalSection(ExtensibilityGlobals) = postSolution
		SolutionGuid = {8913418F-8D2C-4151-9837-A560FD5107D1}
	EndGlobalSection
EndGlobal
